
Microsoft Visual Studio Solution File, Format Version 12.00
# Visual Studio 15
VisualStudioVersion = 15.0.27428.2037
MinimumVisualStudioVersion = 10.0.40219.1
Project("{FAE04EC0-301F-11D3-BF4B-00C04F79EFBC}") = "RESTy", "RESTy\RESTy.csproj", "{DC65C0AA-2305-4018-877E-D260B13B3532}"
EndProject
Project("{FAE04EC0-301F-11D3-BF4B-00C04F79EFBC}") = "Tests", "Tests\Tests.csproj", "{70A51C2A-A8AA-42BC-9D6A-0A4BA0F382BD}"
EndProject
Global
	GlobalSection(SolutionConfigurationPlatforms) = preSolution
		Debug|Any CPU = Debug|Any CPU
		Release|Any CPU = Release|Any CPU
	EndGlobalSection
	GlobalSection(ProjectConfigurationPlatforms) = postSolution
		{DC65C0AA-2305-4018-877E-D260B13B3532}.Debug|Any CPU.ActiveCfg = Debug|Any CPU
		{DC65C0AA-2305-4018-877E-D260B13B3532}.Debug|Any CPU.Build.0 = Debug|Any CPU
		{DC65C0AA-2305-4018-877E-D260B13B3532}.Release|Any CPU.ActiveCfg = Release|Any CPU
		{DC65C0AA-2305-4018-877E-D260B13B3532}.Release|Any CPU.Build.0 = Release|Any CPU
		{70A51C2A-A8AA-42BC-9D6A-0A4BA0F382BD}.Debug|Any CPU.ActiveCfg = Debug|Any CPU
		{70A51C2A-A8AA-42BC-9D6A-0A4BA0F382BD}.Debug|Any CPU.Build.0 = Debug|Any CPU
		{70A51C2A-A8AA-42BC-9D6A-0A4BA0F382BD}.Release|Any CPU.ActiveCfg = Release|Any CPU
		{70A51C2A-A8AA-42BC-9D6A-0A4BA0F382BD}.Release|Any CPU.Build.0 = Release|Any CPU
	EndGlobalSection
	GlobalSection(SolutionProperties) = preSolution
		HideSolutionNode = FALSE
	EndGlobalSection
	GlobalSection(ExtensibilityGlobals) = postSolution
		SolutionGuid = {843292ED-7500-4C4D-98D3-E1108F35B092}
	EndGlobalSection
EndGlobal
